// !$*UTF8*$!
{
	archiveVersion = 1;
	classes = {
	};
	objectVersion = 51;
	objects = {

/* Begin PBXBuildFile section */
		2F55149E25362DB6002CFEF4 /* AdConfig.swift in Sources */ = {isa = PBXBuildFile; fileRef = 2F55149D25362DB6002CFEF4 /* AdConfig.swift */; };
		2F5CBF5F25320E8400852658 /* HUD.swift in Sources */ = {isa = PBXBuildFile; fileRef = 2F5CBF5E25320E8400852658 /* HUD.swift */; };
		2F616F7A25BE1F65001403F7 /* MenuScene.swift in Sources */ = {isa = PBXBuildFile; fileRef = 2F616F7925BE1F65001403F7 /* MenuScene.swift */; };
		2F64712C2530BB740044A799 /* AppDelegate.swift in Sources */ = {isa = PBXBuildFile; fileRef = 2F64712B2530BB740044A799 /* AppDelegate.swift */; };
		2F6471322530BB740044A799 /* GameScene.swift in Sources */ = {isa = PBXBuildFile; fileRef = 2F6471312530BB740044A799 /* GameScene.swift */; };
		2F6471342530BB740044A799 /* GameViewController.swift in Sources */ = {isa = PBXBuildFile; fileRef = 2F6471332530BB740044A799 /* GameViewController.swift */; };
		2F6471372530BB740044A799 /* Main.storyboard in Resources */ = {isa = PBXBuildFile; fileRef = 2F6471352530BB740044A799 /* Main.storyboard */; };
		2F6471392530BB770044A799 /* Assets.xcassets in Resources */ = {isa = PBXBuildFile; fileRef = 2F6471382530BB770044A799 /* Assets.xcassets */; };
		2F6471492530BFBF0044A799 /* SKColor+Ext.swift in Sources */ = {isa = PBXBuildFile; fileRef = 2F6471482530BFBF0044A799 /* SKColor+Ext.swift */; };
		2F64714F2530C0CA0044A799 /* Ground.swift in Sources */ = {isa = PBXBuildFile; fileRef = 2F64714E2530C0CA0044A799 /* Ground.swift */; };
		2F6471532530C5FD0044A799 /* Player.swift in Sources */ = {isa = PBXBuildFile; fileRef = 2F6471522530C5FD0044A799 /* Player.swift */; };
		2F647156253117FE0044A799 /* Ext+CGFloat.swift in Sources */ = {isa = PBXBuildFile; fileRef = 2F647155253117FE0044A799 /* Ext+CGFloat.swift */; };
		2F64715B25311BF00044A799 /* Cloud.swift in Sources */ = {isa = PBXBuildFile; fileRef = 2F64715A25311BF00044A799 /* Cloud.swift */; };
		2F64715F2531225D0044A799 /* Types.swift in Sources */ = {isa = PBXBuildFile; fileRef = 2F64715E2531225D0044A799 /* Types.swift */; };
		2F6C313B25332D170038A5BF /* Krungthep.ttf in Resources */ = {isa = PBXBuildFile; fileRef = 2F5CBF612532105100852658 /* Krungthep.ttf */; };
		2F6C313E253387100038A5BF /* ScoreGenerator.swift in Sources */ = {isa = PBXBuildFile; fileRef = 2F6C313D253387100038A5BF /* ScoreGenerator.swift */; };
		2FB2DF06258839320011F92E /* GoogleService-Info.plist in Resources */ = {isa = PBXBuildFile; fileRef = 2FB2DF05258839320011F92E /* GoogleService-Info.plist */; };
		556FDF259BCFA437E96B6DCC /* Pods_NinjaGo.framework in Frameworks */ = {isa = PBXBuildFile; fileRef = 7B4ABD4962F0C1737132D62A /* Pods_NinjaGo.framework */; };
/* End PBXBuildFile section */

/* Begin PBXFileReference section */
		2F55149D25362DB6002CFEF4 /* AdConfig.swift */ = {isa = PBXFileReference; lastKnownFileType = sourcecode.swift; path = AdConfig.swift; sourceTree = "<group>"; };
		2F5CBF5E25320E8400852658 /* HUD.swift */ = {isa = PBXFileReference; lastKnownFileType = sourcecode.swift; path = HUD.swift; sourceTree = "<group>"; };
		2F5CBF612532105100852658 /* Krungthep.ttf */ = {isa = PBXFileReference; lastKnownFileType = file; path = Krungthep.ttf; sourceTree = "<group>"; };
		2F616F7925BE1F65001403F7 /* MenuScene.swift */ = {isa = PBXFileReference; lastKnownFileType = sourcecode.swift; path = MenuScene.swift; sourceTree = "<group>"; };
		2F6471282530BB740044A799 /* NinjaGo.app */ = {isa = PBXFileReference; explicitFileType = wrapper.application; includeInIndex = 0; path = NinjaGo.app; sourceTree = BUILT_PRODUCTS_DIR; };
		2F64712B2530BB740044A799 /* AppDelegate.swift */ = {isa = PBXFileReference; lastKnownFileType = sourcecode.swift; path = AppDelegate.swift; sourceTree = "<group>"; };
		2F6471312530BB740044A799 /* GameScene.swift */ = {isa = PBXFileReference; lastKnownFileType = sourcecode.swift; path = GameScene.swift; sourceTree = "<group>"; };
		2F6471332530BB740044A799 /* GameViewController.swift */ = {isa = PBXFileReference; lastKnownFileType = sourcecode.swift; path = GameViewController.swift; sourceTree = "<group>"; };
		2F6471362530BB740044A799 /* Base */ = {isa = PBXFileReference; lastKnownFileType = file.storyboard; name = Base; path = Base.lproj/Main.storyboard; sourceTree = "<group>"; };
		2F6471382530BB770044A799 /* Assets.xcassets */ = {isa = PBXFileReference; lastKnownFileType = folder.assetcatalog; path = Assets.xcassets; sourceTree = "<group>"; };
		2F64713A2530BB770044A799 /* Info.plist */ = {isa = PBXFileReference; lastKnownFileType = text.plist.xml; path = Info.plist; sourceTree = "<group>"; };
		2F6471482530BFBF0044A799 /* SKColor+Ext.swift */ = {isa = PBXFileReference; lastKnownFileType = sourcecode.swift; path = "SKColor+Ext.swift"; sourceTree = "<group>"; };
		2F64714E2530C0CA0044A799 /* Ground.swift */ = {isa = PBXFileReference; lastKnownFileType = sourcecode.swift; path = Ground.swift; sourceTree = "<group>"; };
		2F6471522530C5FD0044A799 /* Player.swift */ = {isa = PBXFileReference; lastKnownFileType = sourcecode.swift; path = Player.swift; sourceTree = "<group>"; };
		2F647155253117FE0044A799 /* Ext+CGFloat.swift */ = {isa = PBXFileReference; lastKnownFileType = sourcecode.swift; path = "Ext+CGFloat.swift"; sourceTree = "<group>"; };
		2F64715A25311BF00044A799 /* Cloud.swift */ = {isa = PBXFileReference; lastKnownFileType = sourcecode.swift; path = Cloud.swift; sourceTree = "<group>"; };
		2F64715E2531225D0044A799 /* Types.swift */ = {isa = PBXFileReference; lastKnownFileType = sourcecode.swift; path = Types.swift; sourceTree = "<group>"; };
		2F6C313D253387100038A5BF /* ScoreGenerator.swift */ = {isa = PBXFileReference; lastKnownFileType = sourcecode.swift; path = ScoreGenerator.swift; sourceTree = "<group>"; };
		2FB2DF05258839320011F92E /* GoogleService-Info.plist */ = {isa = PBXFileReference; fileEncoding = 4; lastKnownFileType = text.plist.xml; path = "GoogleService-Info.plist"; sourceTree = "<group>"; };
		3678E420A5572DAEBD1EE133 /* Pods-NinjaGo.release.xcconfig */ = {isa = PBXFileReference; includeInIndex = 1; lastKnownFileType = text.xcconfig; name = "Pods-NinjaGo.release.xcconfig"; path = "Target Support Files/Pods-NinjaGo/Pods-NinjaGo.release.xcconfig"; sourceTree = "<group>"; };
		7B4ABD4962F0C1737132D62A /* Pods_NinjaGo.framework */ = {isa = PBXFileReference; explicitFileType = wrapper.framework; includeInIndex = 0; path = Pods_NinjaGo.framework; sourceTree = BUILT_PRODUCTS_DIR; };
		C717BA09D489FFCFC2836F56 /* Pods-NinjaGo.debug.xcconfig */ = {isa = PBXFileReference; includeInIndex = 1; lastKnownFileType = text.xcconfig; name = "Pods-NinjaGo.debug.xcconfig"; path = "Target Support Files/Pods-NinjaGo/Pods-NinjaGo.debug.xcconfig"; sourceTree = "<group>"; };
/* End PBXFileReference section */

/* Begin PBXFrameworksBuildPhase section */
		2F6471252530BB740044A799 /* Frameworks */ = {
			isa = PBXFrameworksBuildPhase;
			buildActionMask = 2147483647;
			files = (
				556FDF259BCFA437E96B6DCC /* Pods_NinjaGo.framework in Frameworks */,
			);
			runOnlyForDeploymentPostprocessing = 0;
		};
/* End PBXFrameworksBuildPhase section */

/* Begin PBXGroup section */
		2E7C3ED53E6A02366A9E2E4A /* Pods */ = {
			isa = PBXGroup;
			children = (
				C717BA09D489FFCFC2836F56 /* Pods-NinjaGo.debug.xcconfig */,
				3678E420A5572DAEBD1EE133 /* Pods-NinjaGo.release.xcconfig */,
			);
			path = Pods;
			sourceTree = "<group>";
		};
		2F55149C25362D91002CFEF4 /* Config */ = {
			isa = PBXGroup;
			children = (
				2F55149D25362DB6002CFEF4 /* AdConfig.swift */,
				2F616F7925BE1F65001403F7 /* MenuScene.swift */,
			);
			name = Config;
			path = MyUtils/Config;
			sourceTree = "<group>";
		};
		2F5CBF622532105E00852658 /* Fonts */ = {
			isa = PBXGroup;
			children = (
				2F5CBF612532105100852658 /* Krungthep.ttf */,
			);
			path = Fonts;
			sourceTree = "<group>";
		};
		2F64711F2530BB740044A799 = {
			isa = PBXGroup;
			children = (
				2F64712A2530BB740044A799 /* NinjaGo */,
				2F6471292530BB740044A799 /* Products */,
				2E7C3ED53E6A02366A9E2E4A /* Pods */,
				CBF6EC5C33D010B31762DD34 /* Frameworks */,
			);
			sourceTree = "<group>";
		};
		2F6471292530BB740044A799 /* Products */ = {
			isa = PBXGroup;
			children = (
				2F6471282530BB740044A799 /* NinjaGo.app */,
			);
			name = Products;
			sourceTree = "<group>";
		};
		2F64712A2530BB740044A799 /* NinjaGo */ = {
			isa = PBXGroup;
			children = (
				2F64712B2530BB740044A799 /* AppDelegate.swift */,
				2F5CBF622532105E00852658 /* Fonts */,
				2F64715D2531223D0044A799 /* Types */,
				2F55149C25362D91002CFEF4 /* Config */,
				2F64714B2530BFCE0044A799 /* MyUtils */,
				2F6471452530BC260044A799 /* Scenes */,
				2F6471432530BC160044A799 /* Controllers */,
				2F6471422530BBF70044A799 /* Resources */,
				2F6471412530BBDB0044A799 /* New Group */,
			);
			path = NinjaGo;
			sourceTree = "<group>";
		};
		2F6471412530BBDB0044A799 /* New Group */ = {
			isa = PBXGroup;
			children = (
			);
			path = "New Group";
			sourceTree = "<group>";
		};
		2F6471422530BBF70044A799 /* Resources */ = {
			isa = PBXGroup;
			children = (
				2F6471352530BB740044A799 /* Main.storyboard */,
				2F6471382530BB770044A799 /* Assets.xcassets */,
				2FB2DF05258839320011F92E /* GoogleService-Info.plist */,
				2F64713A2530BB770044A799 /* Info.plist */,
			);
			path = Resources;
			sourceTree = "<group>";
		};
		2F6471432530BC160044A799 /* Controllers */ = {
			isa = PBXGroup;
			children = (
				2F6471332530BB740044A799 /* GameViewController.swift */,
			);
			path = Controllers;
			sourceTree = "<group>";
		};
		2F6471452530BC260044A799 /* Scenes */ = {
			isa = PBXGroup;
			children = (
				2F6471312530BB740044A799 /* GameScene.swift */,
			);
			path = Scenes;
			sourceTree = "<group>";
		};
		2F64714B2530BFCE0044A799 /* MyUtils */ = {
			isa = PBXGroup;
			children = (
				2F64714D2530C08B0044A799 /* Characters */,
				2F6471482530BFBF0044A799 /* SKColor+Ext.swift */,
				2F647155253117FE0044A799 /* Ext+CGFloat.swift */,
			);
			path = MyUtils;
			sourceTree = "<group>";
		};
		2F64714D2530C08B0044A799 /* Characters */ = {
			isa = PBXGroup;
			children = (
				2F64714E2530C0CA0044A799 /* Ground.swift */,
				2F64715A25311BF00044A799 /* Cloud.swift */,
				2F6471522530C5FD0044A799 /* Player.swift */,
				2F5CBF5E25320E8400852658 /* HUD.swift */,
				2F6C313D253387100038A5BF /* ScoreGenerator.swift */,
			);
			path = Characters;
			sourceTree = "<group>";
		};
		2F64715D2531223D0044A799 /* Types */ = {
			isa = PBXGroup;
			children = (
				2F64715E2531225D0044A799 /* Types.swift */,
			);
			name = Types;
			path = MyUtils/Types;
			sourceTree = "<group>";
		};
		CBF6EC5C33D010B31762DD34 /* Frameworks */ = {
			isa = PBXGroup;
			children = (
				7B4ABD4962F0C1737132D62A /* Pods_NinjaGo.framework */,
			);
			name = Frameworks;
			sourceTree = "<group>";
		};
/* End PBXGroup section */

/* Begin PBXNativeTarget section */
		2F6471272530BB740044A799 /* NinjaGo */ = {
			isa = PBXNativeTarget;
			buildConfigurationList = 2F64713D2530BB770044A799 /* Build configuration list for PBXNativeTarget "NinjaGo" */;
			buildPhases = (
				387BDC2EE27A6198B753A498 /* [CP] Check Pods Manifest.lock */,
				2F6471242530BB740044A799 /* Sources */,
				2F6471252530BB740044A799 /* Frameworks */,
				2F6471262530BB740044A799 /* Resources */,
				E0ADBE336EC01A20178890B3 /* [CP] Embed Pods Frameworks */,
			);
			buildRules = (
			);
			dependencies = (
			);
			name = NinjaGo;
			productName = NinjaGo;
			productReference = 2F6471282530BB740044A799 /* NinjaGo.app */;
			productType = "com.apple.product-type.application";
		};
/* End PBXNativeTarget section */

/* Begin PBXProject section */
		2F6471202530BB740044A799 /* Project object */ = {
			isa = PBXProject;
			attributes = {
				LastSwiftUpdateCheck = 1200;
				LastUpgradeCheck = 1200;
				TargetAttributes = {
					2F6471272530BB740044A799 = {
						CreatedOnToolsVersion = 12.0;
					};
				};
			};
			buildConfigurationList = 2F6471232530BB740044A799 /* Build configuration list for PBXProject "NinjaGo" */;
			compatibilityVersion = "Xcode 9.3";
			developmentRegion = en;
			hasScannedForEncodings = 0;
			knownRegions = (
				en,
				Base,
			);
			mainGroup = 2F64711F2530BB740044A799;
			productRefGroup = 2F6471292530BB740044A799 /* Products */;
			projectDirPath = "";
			projectRoot = "";
			targets = (
				2F6471272530BB740044A799 /* NinjaGo */,
			);
		};
/* End PBXProject section */

/* Begin PBXResourcesBuildPhase section */
		2F6471262530BB740044A799 /* Resources */ = {
			isa = PBXResourcesBuildPhase;
			buildActionMask = 2147483647;
			files = (
				2F6C313B25332D170038A5BF /* Krungthep.ttf in Resources */,
				2FB2DF06258839320011F92E /* GoogleService-Info.plist in Resources */,
				2F6471372530BB740044A799 /* Main.storyboard in Resources */,
				2F6471392530BB770044A799 /* Assets.xcassets in Resources */,
			);
			runOnlyForDeploymentPostprocessing = 0;
		};
/* End PBXResourcesBuildPhase section */

/* Begin PBXShellScriptBuildPhase section */
		387BDC2EE27A6198B753A498 /* [CP] Check Pods Manifest.lock */ = {
			isa = PBXShellScriptBuildPhase;
			buildActionMask = 2147483647;
			files = (
			);
			inputFileListPaths = (
			);
			inputPaths = (
				"${PODS_PODFILE_DIR_PATH}/Podfile.lock",
				"${PODS_ROOT}/Manifest.lock",
			);
			name = "[CP] Check Pods Manifest.lock";
			outputFileListPaths = (
			);
			outputPaths = (
				"$(DERIVED_FILE_DIR)/Pods-NinjaGo-checkManifestLockResult.txt",
			);
			runOnlyForDeploymentPostprocessing = 0;
			shellPath = /bin/sh;
			shellScript = "diff \"${PODS_PODFILE_DIR_PATH}/Podfile.lock\" \"${PODS_ROOT}/Manifest.lock\" > /dev/null\nif [ $? != 0 ] ; then\n    # print error to STDERR\n    echo \"error: The sandbox is not in sync with the Podfile.lock. Run 'pod install' or update your CocoaPods installation.\" >&2\n    exit 1\nfi\n# This output is used by Xcode 'outputs' to avoid re-running this script phase.\necho \"SUCCESS\" > \"${SCRIPT_OUTPUT_FILE_0}\"\n";
			showEnvVarsInLog = 0;
		};
		E0ADBE336EC01A20178890B3 /* [CP] Embed Pods Frameworks */ = {
			isa = PBXShellScriptBuildPhase;
			buildActionMask = 2147483647;
			files = (
			);
			inputFileListPaths = (
				"${PODS_ROOT}/Target Support Files/Pods-NinjaGo/Pods-NinjaGo-frameworks-${CONFIGURATION}-input-files.xcfilelist",
			);
			name = "[CP] Embed Pods Frameworks";
			outputFileListPaths = (
				"${PODS_ROOT}/Target Support Files/Pods-NinjaGo/Pods-NinjaGo-frameworks-${CONFIGURATION}-output-files.xcfilelist",
			);
			runOnlyForDeploymentPostprocessing = 0;
			shellPath = /bin/sh;
			shellScript = "\"${PODS_ROOT}/Target Support Files/Pods-NinjaGo/Pods-NinjaGo-frameworks.sh\"\n";
			showEnvVarsInLog = 0;
		};
/* End PBXShellScriptBuildPhase section */

/* Begin PBXSourcesBuildPhase section */
		2F6471242530BB740044A799 /* Sources */ = {
			isa = PBXSourcesBuildPhase;
			buildActionMask = 2147483647;
			files = (
				2F6471322530BB740044A799 /* GameScene.swift in Sources */,
				2F5CBF5F25320E8400852658 /* HUD.swift in Sources */,
				2F6471492530BFBF0044A799 /* SKColor+Ext.swift in Sources */,
				2F6471342530BB740044A799 /* GameViewController.swift in Sources */,
				2F55149E25362DB6002CFEF4 /* AdConfig.swift in Sources */,
				2F647156253117FE0044A799 /* Ext+CGFloat.swift in Sources */,
				2F616F7A25BE1F65001403F7 /* MenuScene.swift in Sources */,
				2F64712C2530BB740044A799 /* AppDelegate.swift in Sources */,
				2F6C313E253387100038A5BF /* ScoreGenerator.swift in Sources */,
				2F64715B25311BF00044A799 /* Cloud.swift in Sources */,
				2F64715F2531225D0044A799 /* Types.swift in Sources */,
				2F6471532530C5FD0044A799 /* Player.swift in Sources */,
				2F64714F2530C0CA0044A799 /* Ground.swift in Sources */,
			);
			runOnlyForDeploymentPostprocessing = 0;
		};
/* End PBXSourcesBuildPhase section */

/* Begin PBXVariantGroup section */
		2F6471352530BB740044A799 /* Main.storyboard */ = {
			isa = PBXVariantGroup;
			children = (
				2F6471362530BB740044A799 /* Base */,
			);
			name = Main.storyboard;
			sourceTree = "<group>";
		};
/* End PBXVariantGroup section */

/* Begin XCBuildConfiguration section */
		2F64713B2530BB770044A799 /* Debug */ = {
			isa = XCBuildConfiguration;
			buildSettings = {
				ALWAYS_SEARCH_USER_PATHS = NO;
				CLANG_ANALYZER_NONNULL = YES;
				CLANG_ANALYZER_NUMBER_OBJECT_CONVERSION = YES_AGGRESSIVE;
				CLANG_CXX_LANGUAGE_STANDARD = "gnu++14";
				CLANG_CXX_LIBRARY = "libc++";
				CLANG_ENABLE_MODULES = YES;
				CLANG_ENABLE_OBJC_ARC = YES;
				CLANG_ENABLE_OBJC_WEAK = YES;
				CLANG_WARN_BLOCK_CAPTURE_AUTORELEASING = YES;
				CLANG_WARN_BOOL_CONVERSION = YES;
				CLANG_WARN_COMMA = YES;
				CLANG_WARN_CONSTANT_CONVERSION = YES;
				CLANG_WARN_DEPRECATED_OBJC_IMPLEMENTATIONS = YES;
				CLANG_WARN_DIRECT_OBJC_ISA_USAGE = YES_ERROR;
				CLANG_WARN_DOCUMENTATION_COMMENTS = YES;
				CLANG_WARN_EMPTY_BODY = YES;
				CLANG_WARN_ENUM_CONVERSION = YES;
				CLANG_WARN_INFINITE_RECURSION = YES;
				CLANG_WARN_INT_CONVERSION = YES;
				CLANG_WARN_NON_LITERAL_NULL_CONVERSION = YES;
				CLANG_WARN_OBJC_IMPLICIT_RETAIN_SELF = YES;
				CLANG_WARN_OBJC_LITERAL_CONVERSION = YES;
				CLANG_WARN_OBJC_ROOT_CLASS = YES_ERROR;
				CLANG_WARN_QUOTED_INCLUDE_IN_FRAMEWORK_HEADER = YES;
				CLANG_WARN_RANGE_LOOP_ANALYSIS = YES;
				CLANG_WARN_STRICT_PROTOTYPES = YES;
				CLANG_WARN_SUSPICIOUS_MOVE = YES;
				CLANG_WARN_UNGUARDED_AVAILABILITY = YES_AGGRESSIVE;
				CLANG_WARN_UNREACHABLE_CODE = YES;
				CLANG_WARN__DUPLICATE_METHOD_MATCH = YES;
				COPY_PHASE_STRIP = NO;
				DEBUG_INFORMATION_FORMAT = dwarf;
				ENABLE_STRICT_OBJC_MSGSEND = YES;
				ENABLE_TESTABILITY = YES;
				GCC_C_LANGUAGE_STANDARD = gnu11;
				GCC_DYNAMIC_NO_PIC = NO;
				GCC_NO_COMMON_BLOCKS = YES;
				GCC_OPTIMIZATION_LEVEL = 0;
				GCC_PREPROCESSOR_DEFINITIONS = (
					"DEBUG=1",
					"$(inherited)",
				);
				GCC_WARN_64_TO_32_BIT_CONVERSION = YES;
				GCC_WARN_ABOUT_RETURN_TYPE = YES_ERROR;
				GCC_WARN_UNDECLARED_SELECTOR = YES;
				GCC_WARN_UNINITIALIZED_AUTOS = YES_AGGRESSIVE;
				GCC_WARN_UNUSED_FUNCTION = YES;
				GCC_WARN_UNUSED_VARIABLE = YES;
				IPHONEOS_DEPLOYMENT_TARGET = 14.0;
				MTL_ENABLE_DEBUG_INFO = INCLUDE_SOURCE;
				MTL_FAST_MATH = YES;
				ONLY_ACTIVE_ARCH = YES;
				SDKROOT = iphoneos;
				SWIFT_ACTIVE_COMPILATION_CONDITIONS = DEBUG;
				SWIFT_OPTIMIZATION_LEVEL = "-Onone";
			};
			name = Debug;
		};
		2F64713C2530BB770044A799 /* Release */ = {
			isa = XCBuildConfiguration;
			buildSettings = {
				ALWAYS_SEARCH_USER_PATHS = NO;
				CLANG_ANALYZER_NONNULL = YES;
				CLANG_ANALYZER_NUMBER_OBJECT_CONVERSION = YES_AGGRESSIVE;
				CLANG_CXX_LANGUAGE_STANDARD = "gnu++14";
				CLANG_CXX_LIBRARY = "libc++";
				CLANG_ENABLE_MODULES = YES;
				CLANG_ENABLE_OBJC_ARC = YES;
				CLANG_ENABLE_OBJC_WEAK = YES;
				CLANG_WARN_BLOCK_CAPTURE_AUTORELEASING = YES;
				CLANG_WARN_BOOL_CONVERSION = YES;
				CLANG_WARN_COMMA = YES;
				CLANG_WARN_CONSTANT_CONVERSION = YES;
				CLANG_WARN_DEPRECATED_OBJC_IMPLEMENTATIONS = YES;
				CLANG_WARN_DIRECT_OBJC_ISA_USAGE = YES_ERROR;
				CLANG_WARN_DOCUMENTATION_COMMENTS = YES;
				CLANG_WARN_EMPTY_BODY = YES;
				CLANG_WARN_ENUM_CONVERSION = YES;
				CLANG_WARN_INFINITE_RECURSION = YES;
				CLANG_WARN_INT_CONVERSION = YES;
				CLANG_WARN_NON_LITERAL_NULL_CONVERSION = YES;
				CLANG_WARN_OBJC_IMPLICIT_RETAIN_SELF = YES;
				CLANG_WARN_OBJC_LITERAL_CONVERSION = YES;
				CLANG_WARN_OBJC_ROOT_CLASS = YES_ERROR;
				CLANG_WARN_QUOTED_INCLUDE_IN_FRAMEWORK_HEADER = YES;
				CLANG_WARN_RANGE_LOOP_ANALYSIS = YES;
				CLANG_WARN_STRICT_PROTOTYPES = YES;
				CLANG_WARN_SUSPICIOUS_MOVE = YES;
				CLANG_WARN_UNGUARDED_AVAILABILITY = YES_AGGRESSIVE;
				CLANG_WARN_UNREACHABLE_CODE = YES;
				CLANG_WARN__DUPLICATE_METHOD_MATCH = YES;
				COPY_PHASE_STRIP = NO;
				DEBUG_INFORMATION_FORMAT = "dwarf-with-dsym";
				ENABLE_NS_ASSERTIONS = NO;
				ENABLE_STRICT_OBJC_MSGSEND = YES;
				GCC_C_LANGUAGE_STANDARD = gnu11;
				GCC_NO_COMMON_BLOCKS = YES;
				GCC_WARN_64_TO_32_BIT_CONVERSION = YES;
				GCC_WARN_ABOUT_RETURN_TYPE = YES_ERROR;
				GCC_WARN_UNDECLARED_SELECTOR = YES;
				GCC_WARN_UNINITIALIZED_AUTOS = YES_AGGRESSIVE;
				GCC_WARN_UNUSED_FUNCTION = YES;
				GCC_WARN_UNUSED_VARIABLE = YES;
				IPHONEOS_DEPLOYMENT_TARGET = 14.0;
				MTL_ENABLE_DEBUG_INFO = NO;
				MTL_FAST_MATH = YES;
				SDKROOT = iphoneos;
				SWIFT_COMPILATION_MODE = wholemodule;
				SWIFT_OPTIMIZATION_LEVEL = "-O";
				VALIDATE_PRODUCT = YES;
			};
			name = Release;
		};
		2F64713E2530BB770044A799 /* Debug */ = {
			isa = XCBuildConfiguration;
			baseConfigurationReference = C717BA09D489FFCFC2836F56 /* Pods-NinjaGo.debug.xcconfig */;
			buildSettings = {
				ASSETCATALOG_COMPILER_APPICON_NAME = AppIcon;
				ASSETCATALOG_COMPILER_GLOBAL_ACCENT_COLOR_NAME = AccentColor;
				CODE_SIGN_STYLE = Automatic;
				DEVELOPMENT_TEAM = 2WU7C7C87E;
				INFOPLIST_FILE = NinjaGo/Resources/Info.plist;
				IPHONEOS_DEPLOYMENT_TARGET = 13.5;
				LD_RUNPATH_SEARCH_PATHS = (
					"$(inherited)",
					"@executable_path/Frameworks",
				);
				PRODUCT_BUNDLE_IDENTIFIER = dreamCapital.NinjaG22;
				PRODUCT_NAME = "$(TARGET_NAME)";
				SWIFT_VERSION = 5.0;
				TARGETED_DEVICE_FAMILY = "1,2";
			};
			name = Debug;
		};
		2F64713F2530BB770044A799 /* Release */ = {
			isa = XCBuildConfiguration;
			baseConfigurationReference = 3678E420A5572DAEBD1EE133 /* Pods-NinjaGo.release.xcconfig */;
			buildSettings = {
				ASSETCATALOG_COMPILER_APPICON_NAME = AppIcon;
				ASSETCATALOG_COMPILER_GLOBAL_ACCENT_COLOR_NAME = AccentColor;
				CODE_SIGN_STYLE = Automatic;
				DEVELOPMENT_TEAM = 2WU7C7C87E;
				INFOPLIST_FILE = NinjaGo/Resources/Info.plist;
				IPHONEOS_DEPLOYMENT_TARGET = 13.5;
				LD_RUNPATH_SEARCH_PATHS = (
					"$(inherited)",
					"@executable_path/Frameworks",
				);
				PRODUCT_BUNDLE_IDENTIFIER = dreamCapital.NinjaG22;
				PRODUCT_NAME = "$(TARGET_NAME)";
				SWIFT_VERSION = 5.0;
				TARGETED_DEVICE_FAMILY = "1,2";
			};
			name = Release;
		};
/* End XCBuildConfiguration section */

/* Begin XCConfigurationList section */
		2F6471232530BB740044A799 /* Build configuration list for PBXProject "NinjaGo" */ = {
			isa = XCConfigurationList;
			buildConfigurations = (
				2F64713B2530BB770044A799 /* Debug */,
				2F64713C2530BB770044A799 /* Release */,
			);
			defaultConfigurationIsVisible = 0;
			defaultConfigurationName = Release;
		};
		2F64713D2530BB770044A799 /* Build configuration list for PBXNativeTarget "NinjaGo" */ = {
			isa = XCConfigurationList;
			buildConfigurations = (
				2F64713E2530BB770044A799 /* Debug */,
				2F64713F2530BB770044A799 /* Release */,
			);
			defaultConfigurationIsVisible = 0;
			defaultConfigurationName = Release;
		};
/* End XCConfigurationList section */
	};
	rootObject = 2F6471202530BB740044A799 /* Project object */;
}
